// !$*UTF8*$!
{
	archiveVersion = 1;
	classes = {
	};
	objectVersion = 55;
	objects = {

/* Begin PBXBuildFile section */
		72578F32276CC28400DB6F20 /* CatBreed.swift in Sources */ = {isa = PBXBuildFile; fileRef = 72578F31276CC28400DB6F20 /* CatBreed.swift */; };
		72578F33276CC28400DB6F20 /* CatBreed.swift in Sources */ = {isa = PBXBuildFile; fileRef = 72578F31276CC28400DB6F20 /* CatBreed.swift */; };
		72578F34276CC28400DB6F20 /* CatBreed.swift in Sources */ = {isa = PBXBuildFile; fileRef = 72578F31276CC28400DB6F20 /* CatBreed.swift */; };
		72578F36276CC32800DB6F20 /* BreedImage.swift in Sources */ = {isa = PBXBuildFile; fileRef = 72578F35276CC32800DB6F20 /* BreedImage.swift */; };
		72578F37276CC32800DB6F20 /* BreedImage.swift in Sources */ = {isa = PBXBuildFile; fileRef = 72578F35276CC32800DB6F20 /* BreedImage.swift */; };
		72578F38276CC32800DB6F20 /* BreedImage.swift in Sources */ = {isa = PBXBuildFile; fileRef = 72578F35276CC32800DB6F20 /* BreedImage.swift */; };
		725C6ADD276B73F00033F2AF /* CatiesApp.swift in Sources */ = {isa = PBXBuildFile; fileRef = 725C6ADC276B73F00033F2AF /* CatiesApp.swift */; };
		725C6ADF276B73F00033F2AF /* ContentView.swift in Sources */ = {isa = PBXBuildFile; fileRef = 725C6ADE276B73F00033F2AF /* ContentView.swift */; };
		725C6AE1276B73F30033F2AF /* Assets.xcassets in Resources */ = {isa = PBXBuildFile; fileRef = 725C6AE0276B73F30033F2AF /* Assets.xcassets */; };
		725C6AE4276B73F30033F2AF /* Preview Assets.xcassets in Resources */ = {isa = PBXBuildFile; fileRef = 725C6AE3276B73F30033F2AF /* Preview Assets.xcassets */; };
		725C6AEE276B73F30033F2AF /* CatiesTests.swift in Sources */ = {isa = PBXBuildFile; fileRef = 725C6AED276B73F30033F2AF /* CatiesTests.swift */; };
		725C6AF8276B73F30033F2AF /* CatiesUITests.swift in Sources */ = {isa = PBXBuildFile; fileRef = 725C6AF7276B73F30033F2AF /* CatiesUITests.swift */; };
		725C6AFA276B73F30033F2AF /* CatiesUITestsLaunchTests.swift in Sources */ = {isa = PBXBuildFile; fileRef = 725C6AF9276B73F30033F2AF /* CatiesUITestsLaunchTests.swift */; };
/* End PBXBuildFile section */

/* Begin PBXContainerItemProxy section */
		725C6AEA276B73F30033F2AF /* PBXContainerItemProxy */ = {
			isa = PBXContainerItemProxy;
			containerPortal = 725C6AD1276B73F00033F2AF /* Project object */;
			proxyType = 1;
			remoteGlobalIDString = 725C6AD8276B73F00033F2AF;
			remoteInfo = Caties;
		};
		725C6AF4276B73F30033F2AF /* PBXContainerItemProxy */ = {
			isa = PBXContainerItemProxy;
			containerPortal = 725C6AD1276B73F00033F2AF /* Project object */;
			proxyType = 1;
			remoteGlobalIDString = 725C6AD8276B73F00033F2AF;
			remoteInfo = Caties;
		};
/* End PBXContainerItemProxy section */

/* Begin PBXFileReference section */
		72578F31276CC28400DB6F20 /* CatBreed.swift */ = {isa = PBXFileReference; lastKnownFileType = sourcecode.swift; path = CatBreed.swift; sourceTree = "<group>"; };
		72578F35276CC32800DB6F20 /* BreedImage.swift */ = {isa = PBXFileReference; lastKnownFileType = sourcecode.swift; path = BreedImage.swift; sourceTree = "<group>"; };
		725C6AD9276B73F00033F2AF /* Caties.app */ = {isa = PBXFileReference; explicitFileType = wrapper.application; includeInIndex = 0; path = Caties.app; sourceTree = BUILT_PRODUCTS_DIR; };
		725C6ADC276B73F00033F2AF /* CatiesApp.swift */ = {isa = PBXFileReference; lastKnownFileType = sourcecode.swift; path = CatiesApp.swift; sourceTree = "<group>"; };
		725C6ADE276B73F00033F2AF /* ContentView.swift */ = {isa = PBXFileReference; lastKnownFileType = sourcecode.swift; path = ContentView.swift; sourceTree = "<group>"; };
		725C6AE0276B73F30033F2AF /* Assets.xcassets */ = {isa = PBXFileReference; lastKnownFileType = folder.assetcatalog; path = Assets.xcassets; sourceTree = "<group>"; };
		725C6AE3276B73F30033F2AF /* Preview Assets.xcassets */ = {isa = PBXFileReference; lastKnownFileType = folder.assetcatalog; path = "Preview Assets.xcassets"; sourceTree = "<group>"; };
		725C6AE9276B73F30033F2AF /* CatiesTests.xctest */ = {isa = PBXFileReference; explicitFileType = wrapper.cfbundle; includeInIndex = 0; path = CatiesTests.xctest; sourceTree = BUILT_PRODUCTS_DIR; };
		725C6AED276B73F30033F2AF /* CatiesTests.swift */ = {isa = PBXFileReference; lastKnownFileType = sourcecode.swift; path = CatiesTests.swift; sourceTree = "<group>"; };
		725C6AF3276B73F30033F2AF /* CatiesUITests.xctest */ = {isa = PBXFileReference; explicitFileType = wrapper.cfbundle; includeInIndex = 0; path = CatiesUITests.xctest; sourceTree = BUILT_PRODUCTS_DIR; };
		725C6AF7276B73F30033F2AF /* CatiesUITests.swift */ = {isa = PBXFileReference; lastKnownFileType = sourcecode.swift; path = CatiesUITests.swift; sourceTree = "<group>"; };
		725C6AF9276B73F30033F2AF /* CatiesUITestsLaunchTests.swift */ = {isa = PBXFileReference; lastKnownFileType = sourcecode.swift; path = CatiesUITestsLaunchTests.swift; sourceTree = "<group>"; };
/* End PBXFileReference section */

/* Begin PBXFrameworksBuildPhase section */
		725C6AD6276B73F00033F2AF /* Frameworks */ = {
			isa = PBXFrameworksBuildPhase;
			buildActionMask = 2147483647;
			files = (
			);
			runOnlyForDeploymentPostprocessing = 0;
		};
		725C6AE6276B73F30033F2AF /* Frameworks */ = {
			isa = PBXFrameworksBuildPhase;
			buildActionMask = 2147483647;
			files = (
			);
			runOnlyForDeploymentPostprocessing = 0;
		};
		725C6AF0276B73F30033F2AF /* Frameworks */ = {
			isa = PBXFrameworksBuildPhase;
			buildActionMask = 2147483647;
			files = (
			);
			runOnlyForDeploymentPostprocessing = 0;
		};
/* End PBXFrameworksBuildPhase section */

/* Begin PBXGroup section */
		72578F2E276CC23100DB6F20 /* Model */ = {
			isa = PBXGroup;
			children = (
				72578F31276CC28400DB6F20 /* CatBreed.swift */,
				72578F35276CC32800DB6F20 /* BreedImage.swift */,
			);
			path = Model;
			sourceTree = "<group>";
		};
		72578F2F276CC23A00DB6F20 /* View */ = {
			isa = PBXGroup;
			children = (
			);
			path = View;
			sourceTree = "<group>";
		};
		72578F30276CC24200DB6F20 /* Networking */ = {
			isa = PBXGroup;
			children = (
			);
			path = Networking;
			sourceTree = "<group>";
		};
		725C6AD0276B73F00033F2AF = {
			isa = PBXGroup;
			children = (
				725C6ADB276B73F00033F2AF /* Caties */,
				725C6AEC276B73F30033F2AF /* CatiesTests */,
				725C6AF6276B73F30033F2AF /* CatiesUITests */,
				725C6ADA276B73F00033F2AF /* Products */,
			);
			sourceTree = "<group>";
		};
		725C6ADA276B73F00033F2AF /* Products */ = {
			isa = PBXGroup;
			children = (
				725C6AD9276B73F00033F2AF /* Caties.app */,
				725C6AE9276B73F30033F2AF /* CatiesTests.xctest */,
				725C6AF3276B73F30033F2AF /* CatiesUITests.xctest */,
			);
			name = Products;
			sourceTree = "<group>";
		};
		725C6ADB276B73F00033F2AF /* Caties */ = {
			isa = PBXGroup;
			children = (
				72578F30276CC24200DB6F20 /* Networking */,
				72578F2F276CC23A00DB6F20 /* View */,
				72578F2E276CC23100DB6F20 /* Model */,
				725C6ADC276B73F00033F2AF /* CatiesApp.swift */,
				725C6ADE276B73F00033F2AF /* ContentView.swift */,
				725C6AE0276B73F30033F2AF /* Assets.xcassets */,
				725C6AE2276B73F30033F2AF /* Preview Content */,
			);
			path = Caties;
			sourceTree = "<group>";
		};
		725C6AE2276B73F30033F2AF /* Preview Content */ = {
			isa = PBXGroup;
			children = (
				725C6AE3276B73F30033F2AF /* Preview Assets.xcassets */,
			);
			path = "Preview Content";
			sourceTree = "<group>";
		};
		725C6AEC276B73F30033F2AF /* CatiesTests */ = {
			isa = PBXGroup;
			children = (
				725C6AED276B73F30033F2AF /* CatiesTests.swift */,
			);
			path = CatiesTests;
			sourceTree = "<group>";
		};
		725C6AF6276B73F30033F2AF /* CatiesUITests */ = {
			isa = PBXGroup;
			children = (
				725C6AF7276B73F30033F2AF /* CatiesUITests.swift */,
				725C6AF9276B73F30033F2AF /* CatiesUITestsLaunchTests.swift */,
			);
			path = CatiesUITests;
			sourceTree = "<group>";
		};
/* End PBXGroup section */

/* Begin PBXNativeTarget section */
		725C6AD8276B73F00033F2AF /* Caties */ = {
			isa = PBXNativeTarget;
			buildConfigurationList = 725C6AFD276B73F30033F2AF /* Build configuration list for PBXNativeTarget "Caties" */;
			buildPhases = (
				725C6AD5276B73F00033F2AF /* Sources */,
				725C6AD6276B73F00033F2AF /* Frameworks */,
				725C6AD7276B73F00033F2AF /* Resources */,
			);
			buildRules = (
			);
			dependencies = (
			);
			name = Caties;
			productName = Caties;
			productReference = 725C6AD9276B73F00033F2AF /* Caties.app */;
			productType = "com.apple.product-type.application";
		};
		725C6AE8276B73F30033F2AF /* CatiesTests */ = {
			isa = PBXNativeTarget;
			buildConfigurationList = 725C6B00276B73F30033F2AF /* Build configuration list for PBXNativeTarget "CatiesTests" */;
			buildPhases = (
				725C6AE5276B73F30033F2AF /* Sources */,
				725C6AE6276B73F30033F2AF /* Frameworks */,
				725C6AE7276B73F30033F2AF /* Resources */,
			);
			buildRules = (
			);
			dependencies = (
				725C6AEB276B73F30033F2AF /* PBXTargetDependency */,
			);
			name = CatiesTests;
			productName = CatiesTests;
			productReference = 725C6AE9276B73F30033F2AF /* CatiesTests.xctest */;
			productType = "com.apple.product-type.bundle.unit-test";
		};
		725C6AF2276B73F30033F2AF /* CatiesUITests */ = {
			isa = PBXNativeTarget;
			buildConfigurationList = 725C6B03276B73F30033F2AF /* Build configuration list for PBXNativeTarget "CatiesUITests" */;
			buildPhases = (
				725C6AEF276B73F30033F2AF /* Sources */,
				725C6AF0276B73F30033F2AF /* Frameworks */,
				725C6AF1276B73F30033F2AF /* Resources */,
			);
			buildRules = (
			);
			dependencies = (
				725C6AF5276B73F30033F2AF /* PBXTargetDependency */,
			);
			name = CatiesUITests;
			productName = CatiesUITests;
			productReference = 725C6AF3276B73F30033F2AF /* CatiesUITests.xctest */;
			productType = "com.apple.product-type.bundle.ui-testing";
		};
/* End PBXNativeTarget section */

/* Begin PBXProject section */
		725C6AD1276B73F00033F2AF /* Project object */ = {
			isa = PBXProject;
			attributes = {
				BuildIndependentTargetsInParallel = 1;
				LastSwiftUpdateCheck = 1310;
				LastUpgradeCheck = 1310;
				TargetAttributes = {
					725C6AD8276B73F00033F2AF = {
						CreatedOnToolsVersion = 13.1;
					};
					725C6AE8276B73F30033F2AF = {
						CreatedOnToolsVersion = 13.1;
						TestTargetID = 725C6AD8276B73F00033F2AF;
					};
					725C6AF2276B73F30033F2AF = {
						CreatedOnToolsVersion = 13.1;
						TestTargetID = 725C6AD8276B73F00033F2AF;
					};
				};
			};
			buildConfigurationList = 725C6AD4276B73F00033F2AF /* Build configuration list for PBXProject "Caties" */;
			compatibilityVersion = "Xcode 13.0";
			developmentRegion = en;
			hasScannedForEncodings = 0;
			knownRegions = (
				en,
				Base,
			);
			mainGroup = 725C6AD0276B73F00033F2AF;
			productRefGroup = 725C6ADA276B73F00033F2AF /* Products */;
			projectDirPath = "";
			projectRoot = "";
			targets = (
				725C6AD8276B73F00033F2AF /* Caties */,
				725C6AE8276B73F30033F2AF /* CatiesTests */,
				725C6AF2276B73F30033F2AF /* CatiesUITests */,
			);
		};
/* End PBXProject section */

/* Begin PBXResourcesBuildPhase section */
		725C6AD7276B73F00033F2AF /* Resources */ = {
			isa = PBXResourcesBuildPhase;
			buildActionMask = 2147483647;
			files = (
				725C6AE4276B73F30033F2AF /* Preview Assets.xcassets in Resources */,
				725C6AE1276B73F30033F2AF /* Assets.xcassets in Resources */,
			);
			runOnlyForDeploymentPostprocessing = 0;
		};
		725C6AE7276B73F30033F2AF /* Resources */ = {
			isa = PBXResourcesBuildPhase;
			buildActionMask = 2147483647;
			files = (
			);
			runOnlyForDeploymentPostprocessing = 0;
		};
		725C6AF1276B73F30033F2AF /* Resources */ = {
			isa = PBXResourcesBuildPhase;
			buildActionMask = 2147483647;
			files = (
			);
			runOnlyForDeploymentPostprocessing = 0;
		};
/* End PBXResourcesBuildPhase section */

/* Begin PBXSourcesBuildPhase section */
		725C6AD5276B73F00033F2AF /* Sources */ = {
			isa = PBXSourcesBuildPhase;
			buildActionMask = 2147483647;
			files = (
				72578F36276CC32800DB6F20 /* BreedImage.swift in Sources */,
				72578F32276CC28400DB6F20 /* CatBreed.swift in Sources */,
				725C6ADF276B73F00033F2AF /* ContentView.swift in Sources */,
				725C6ADD276B73F00033F2AF /* CatiesApp.swift in Sources */,
			);
			runOnlyForDeploymentPostprocessing = 0;
		};
		725C6AE5276B73F30033F2AF /* Sources */ = {
			isa = PBXSourcesBuildPhase;
			buildActionMask = 2147483647;
			files = (
				72578F37276CC32800DB6F20 /* BreedImage.swift in Sources */,
				725C6AEE276B73F30033F2AF /* CatiesTests.swift in Sources */,
				72578F33276CC28400DB6F20 /* CatBreed.swift in Sources */,
			);
			runOnlyForDeploymentPostprocessing = 0;
		};
		725C6AEF276B73F30033F2AF /* Sources */ = {
			isa = PBXSourcesBuildPhase;
			buildActionMask = 2147483647;
			files = (
				72578F38276CC32800DB6F20 /* BreedImage.swift in Sources */,
				72578F34276CC28400DB6F20 /* CatBreed.swift in Sources */,
				725C6AF8276B73F30033F2AF /* CatiesUITests.swift in Sources */,
				725C6AFA276B73F30033F2AF /* CatiesUITestsLaunchTests.swift in Sources */,
			);
			runOnlyForDeploymentPostprocessing = 0;
		};
/* End PBXSourcesBuildPhase section */

/* Begin PBXTargetDependency section */
		725C6AEB276B73F30033F2AF /* PBXTargetDependency */ = {
			isa = PBXTargetDependency;
			target = 725C6AD8276B73F00033F2AF /* Caties */;
			targetProxy = 725C6AEA276B73F30033F2AF /* PBXContainerItemProxy */;
		};
		725C6AF5276B73F30033F2AF /* PBXTargetDependency */ = {
			isa = PBXTargetDependency;
			target = 725C6AD8276B73F00033F2AF /* Caties */;
			targetProxy = 725C6AF4276B73F30033F2AF /* PBXContainerItemProxy */;
		};
/* End PBXTargetDependency section */

/* Begin XCBuildConfiguration section */
		725C6AFB276B73F30033F2AF /* Debug */ = {
			isa = XCBuildConfiguration;
			buildSettings = {
				ALWAYS_SEARCH_USER_PATHS = NO;
				CLANG_ANALYZER_NONNULL = YES;
				CLANG_ANALYZER_NUMBER_OBJECT_CONVERSION = YES_AGGRESSIVE;
				CLANG_CXX_LANGUAGE_STANDARD = "gnu++17";
				CLANG_CXX_LIBRARY = "libc++";
				CLANG_ENABLE_MODULES = YES;
				CLANG_ENABLE_OBJC_ARC = YES;
				CLANG_ENABLE_OBJC_WEAK = YES;
				CLANG_WARN_BLOCK_CAPTURE_AUTORELEASING = YES;
				CLANG_WARN_BOOL_CONVERSION = YES;
				CLANG_WARN_COMMA = YES;
				CLANG_WARN_CONSTANT_CONVERSION = YES;
				CLANG_WARN_DEPRECATED_OBJC_IMPLEMENTATIONS = YES;
				CLANG_WARN_DIRECT_OBJC_ISA_USAGE = YES_ERROR;
				CLANG_WARN_DOCUMENTATION_COMMENTS = YES;
				CLANG_WARN_EMPTY_BODY = YES;
				CLANG_WARN_ENUM_CONVERSION = YES;
				CLANG_WARN_INFINITE_RECURSION = YES;
				CLANG_WARN_INT_CONVERSION = YES;
				CLANG_WARN_NON_LITERAL_NULL_CONVERSION = YES;
				CLANG_WARN_OBJC_IMPLICIT_RETAIN_SELF = YES;
				CLANG_WARN_OBJC_LITERAL_CONVERSION = YES;
				CLANG_WARN_OBJC_ROOT_CLASS = YES_ERROR;
				CLANG_WARN_QUOTED_INCLUDE_IN_FRAMEWORK_HEADER = YES;
				CLANG_WARN_RANGE_LOOP_ANALYSIS = YES;
				CLANG_WARN_STRICT_PROTOTYPES = YES;
				CLANG_WARN_SUSPICIOUS_MOVE = YES;
				CLANG_WARN_UNGUARDED_AVAILABILITY = YES_AGGRESSIVE;
				CLANG_WARN_UNREACHABLE_CODE = YES;
				CLANG_WARN__DUPLICATE_METHOD_MATCH = YES;
				COPY_PHASE_STRIP = NO;
				DEBUG_INFORMATION_FORMAT = dwarf;
				ENABLE_STRICT_OBJC_MSGSEND = YES;
				ENABLE_TESTABILITY = YES;
				GCC_C_LANGUAGE_STANDARD = gnu11;
				GCC_DYNAMIC_NO_PIC = NO;
				GCC_NO_COMMON_BLOCKS = YES;
				GCC_OPTIMIZATION_LEVEL = 0;
				GCC_PREPROCESSOR_DEFINITIONS = (
					"DEBUG=1",
					"$(inherited)",
				);
				GCC_WARN_64_TO_32_BIT_CONVERSION = YES;
				GCC_WARN_ABOUT_RETURN_TYPE = YES_ERROR;
				GCC_WARN_UNDECLARED_SELECTOR = YES;
				GCC_WARN_UNINITIALIZED_AUTOS = YES_AGGRESSIVE;
				GCC_WARN_UNUSED_FUNCTION = YES;
				GCC_WARN_UNUSED_VARIABLE = YES;
				IPHONEOS_DEPLOYMENT_TARGET = 15.0;
				MTL_ENABLE_DEBUG_INFO = INCLUDE_SOURCE;
				MTL_FAST_MATH = YES;
				ONLY_ACTIVE_ARCH = YES;
				SDKROOT = iphoneos;
				SWIFT_ACTIVE_COMPILATION_CONDITIONS = DEBUG;
				SWIFT_OPTIMIZATION_LEVEL = "-Onone";
			};
			name = Debug;
		};
		725C6AFC276B73F30033F2AF /* Release */ = {
			isa = XCBuildConfiguration;
			buildSettings = {
				ALWAYS_SEARCH_USER_PATHS = NO;
				CLANG_ANALYZER_NONNULL = YES;
				CLANG_ANALYZER_NUMBER_OBJECT_CONVERSION = YES_AGGRESSIVE;
				CLANG_CXX_LANGUAGE_STANDARD = "gnu++17";
				CLANG_CXX_LIBRARY = "libc++";
				CLANG_ENABLE_MODULES = YES;
				CLANG_ENABLE_OBJC_ARC = YES;
				CLANG_ENABLE_OBJC_WEAK = YES;
				CLANG_WARN_BLOCK_CAPTURE_AUTORELEASING = YES;
				CLANG_WARN_BOOL_CONVERSION = YES;
				CLANG_WARN_COMMA = YES;
				CLANG_WARN_CONSTANT_CONVERSION = YES;
				CLANG_WARN_DEPRECATED_OBJC_IMPLEMENTATIONS = YES;
				CLANG_WARN_DIRECT_OBJC_ISA_USAGE = YES_ERROR;
				CLANG_WARN_DOCUMENTATION_COMMENTS = YES;
				CLANG_WARN_EMPTY_BODY = YES;
				CLANG_WARN_ENUM_CONVERSION = YES;
				CLANG_WARN_INFINITE_RECURSION = YES;
				CLANG_WARN_INT_CONVERSION = YES;
				CLANG_WARN_NON_LITERAL_NULL_CONVERSION = YES;
				CLANG_WARN_OBJC_IMPLICIT_RETAIN_SELF = YES;
				CLANG_WARN_OBJC_LITERAL_CONVERSION = YES;
				CLANG_WARN_OBJC_ROOT_CLASS = YES_ERROR;
				CLANG_WARN_QUOTED_INCLUDE_IN_FRAMEWORK_HEADER = YES;
				CLANG_WARN_RANGE_LOOP_ANALYSIS = YES;
				CLANG_WARN_STRICT_PROTOTYPES = YES;
				CLANG_WARN_SUSPICIOUS_MOVE = YES;
				CLANG_WARN_UNGUARDED_AVAILABILITY = YES_AGGRESSIVE;
				CLANG_WARN_UNREACHABLE_CODE = YES;
				CLANG_WARN__DUPLICATE_METHOD_MATCH = YES;
				COPY_PHASE_STRIP = NO;
				DEBUG_INFORMATION_FORMAT = "dwarf-with-dsym";
				ENABLE_NS_ASSERTIONS = NO;
				ENABLE_STRICT_OBJC_MSGSEND = YES;
				GCC_C_LANGUAGE_STANDARD = gnu11;
				GCC_NO_COMMON_BLOCKS = YES;
				GCC_WARN_64_TO_32_BIT_CONVERSION = YES;
				GCC_WARN_ABOUT_RETURN_TYPE = YES_ERROR;
				GCC_WARN_UNDECLARED_SELECTOR = YES;
				GCC_WARN_UNINITIALIZED_AUTOS = YES_AGGRESSIVE;
				GCC_WARN_UNUSED_FUNCTION = YES;
				GCC_WARN_UNUSED_VARIABLE = YES;
				IPHONEOS_DEPLOYMENT_TARGET = 15.0;
				MTL_ENABLE_DEBUG_INFO = NO;
				MTL_FAST_MATH = YES;
				SDKROOT = iphoneos;
				SWIFT_COMPILATION_MODE = wholemodule;
				SWIFT_OPTIMIZATION_LEVEL = "-O";
				VALIDATE_PRODUCT = YES;
			};
			name = Release;
		};
		725C6AFE276B73F30033F2AF /* Debug */ = {
			isa = XCBuildConfiguration;
			buildSettings = {
				ASSETCATALOG_COMPILER_APPICON_NAME = AppIcon;
				ASSETCATALOG_COMPILER_GLOBAL_ACCENT_COLOR_NAME = AccentColor;
				CODE_SIGN_STYLE = Automatic;
				CURRENT_PROJECT_VERSION = 1;
				DEVELOPMENT_ASSET_PATHS = "\"Caties/Preview Content\"";
				ENABLE_PREVIEWS = YES;
				GENERATE_INFOPLIST_FILE = YES;
				INFOPLIST_KEY_UIApplicationSceneManifest_Generation = YES;
				INFOPLIST_KEY_UIApplicationSupportsIndirectInputEvents = YES;
				INFOPLIST_KEY_UILaunchScreen_Generation = YES;
				INFOPLIST_KEY_UISupportedInterfaceOrientations_iPad = "UIInterfaceOrientationPortrait UIInterfaceOrientationPortraitUpsideDown UIInterfaceOrientationLandscapeLeft UIInterfaceOrientationLandscapeRight";
				INFOPLIST_KEY_UISupportedInterfaceOrientations_iPhone = "UIInterfaceOrientationPortrait UIInterfaceOrientationLandscapeLeft UIInterfaceOrientationLandscapeRight";
				LD_RUNPATH_SEARCH_PATHS = (
					"$(inherited)",
					"@executable_path/Frameworks",
				);
				MARKETING_VERSION = 1.0;
				PRODUCT_BUNDLE_IDENTIFIER = com.ashishlanghe.Caties;
				PRODUCT_NAME = "$(TARGET_NAME)";
				SWIFT_EMIT_LOC_STRINGS = YES;
				SWIFT_VERSION = 5.0;
				TARGETED_DEVICE_FAMILY = "1,2";
			};
			name = Debug;
		};
		725C6AFF276B73F30033F2AF /* Release */ = {
			isa = XCBuildConfiguration;
			buildSettings = {
				ASSETCATALOG_COMPILER_APPICON_NAME = AppIcon;
				ASSETCATALOG_COMPILER_GLOBAL_ACCENT_COLOR_NAME = AccentColor;
				CODE_SIGN_STYLE = Automatic;
				CURRENT_PROJECT_VERSION = 1;
				DEVELOPMENT_ASSET_PATHS = "\"Caties/Preview Content\"";
				ENABLE_PREVIEWS = YES;
				GENERATE_INFOPLIST_FILE = YES;
				INFOPLIST_KEY_UIApplicationSceneManifest_Generation = YES;
				INFOPLIST_KEY_UIApplicationSupportsIndirectInputEvents = YES;
				INFOPLIST_KEY_UILaunchScreen_Generation = YES;
				INFOPLIST_KEY_UISupportedInterfaceOrientations_iPad = "UIInterfaceOrientationPortrait UIInterfaceOrientationPortraitUpsideDown UIInterfaceOrientationLandscapeLeft UIInterfaceOrientationLandscapeRight";
				INFOPLIST_KEY_UISupportedInterfaceOrientations_iPhone = "UIInterfaceOrientationPortrait UIInterfaceOrientationLandscapeLeft UIInterfaceOrientationLandscapeRight";
				LD_RUNPATH_SEARCH_PATHS = (
					"$(inherited)",
					"@executable_path/Frameworks",
				);
				MARKETING_VERSION = 1.0;
				PRODUCT_BUNDLE_IDENTIFIER = com.ashishlanghe.Caties;
				PRODUCT_NAME = "$(TARGET_NAME)";
				SWIFT_EMIT_LOC_STRINGS = YES;
				SWIFT_VERSION = 5.0;
				TARGETED_DEVICE_FAMILY = "1,2";
			};
			name = Release;
		};
		725C6B01276B73F30033F2AF /* Debug */ = {
			isa = XCBuildConfiguration;
			buildSettings = {
				ALWAYS_EMBED_SWIFT_STANDARD_LIBRARIES = YES;
				BUNDLE_LOADER = "$(TEST_HOST)";
				CODE_SIGN_STYLE = Automatic;
				CURRENT_PROJECT_VERSION = 1;
				GENERATE_INFOPLIST_FILE = YES;
				IPHONEOS_DEPLOYMENT_TARGET = 15.0;
				LD_RUNPATH_SEARCH_PATHS = (
					"$(inherited)",
					"@executable_path/Frameworks",
					"@loader_path/Frameworks",
				);
				MARKETING_VERSION = 1.0;
				PRODUCT_BUNDLE_IDENTIFIER = com.ashishlanghe.CatiesTests;
				PRODUCT_NAME = "$(TARGET_NAME)";
				SWIFT_EMIT_LOC_STRINGS = NO;
				SWIFT_VERSION = 5.0;
				TARGETED_DEVICE_FAMILY = "1,2";
				TEST_HOST = "$(BUILT_PRODUCTS_DIR)/Caties.app/Caties";
			};
			name = Debug;
		};
		725C6B02276B73F30033F2AF /* Release */ = {
			isa = XCBuildConfiguration;
			buildSettings = {
				ALWAYS_EMBED_SWIFT_STANDARD_LIBRARIES = YES;
				BUNDLE_LOADER = "$(TEST_HOST)";
				CODE_SIGN_STYLE = Automatic;
				CURRENT_PROJECT_VERSION = 1;
				GENERATE_INFOPLIST_FILE = YES;
				IPHONEOS_DEPLOYMENT_TARGET = 15.0;
				LD_RUNPATH_SEARCH_PATHS = (
					"$(inherited)",
					"@executable_path/Frameworks",
					"@loader_path/Frameworks",
				);
				MARKETING_VERSION = 1.0;
				PRODUCT_BUNDLE_IDENTIFIER = com.ashishlanghe.CatiesTests;
				PRODUCT_NAME = "$(TARGET_NAME)";
				SWIFT_EMIT_LOC_STRINGS = NO;
				SWIFT_VERSION = 5.0;
				TARGETED_DEVICE_FAMILY = "1,2";
				TEST_HOST = "$(BUILT_PRODUCTS_DIR)/Caties.app/Caties";
			};
			name = Release;
		};
		725C6B04276B73F30033F2AF /* Debug */ = {
			isa = XCBuildConfiguration;
			buildSettings = {
				ALWAYS_EMBED_SWIFT_STANDARD_LIBRARIES = YES;
				CODE_SIGN_STYLE = Automatic;
				CURRENT_PROJECT_VERSION = 1;
				GENERATE_INFOPLIST_FILE = YES;
				LD_RUNPATH_SEARCH_PATHS = (
					"$(inherited)",
					"@executable_path/Frameworks",
					"@loader_path/Frameworks",
				);
				MARKETING_VERSION = 1.0;
				PRODUCT_BUNDLE_IDENTIFIER = com.ashishlanghe.CatiesUITests;
				PRODUCT_NAME = "$(TARGET_NAME)";
				SWIFT_EMIT_LOC_STRINGS = NO;
				SWIFT_VERSION = 5.0;
				TARGETED_DEVICE_FAMILY = "1,2";
				TEST_TARGET_NAME = Caties;
			};
			name = Debug;
		};
		725C6B05276B73F30033F2AF /* Release */ = {
			isa = XCBuildConfiguration;
			buildSettings = {
				ALWAYS_EMBED_SWIFT_STANDARD_LIBRARIES = YES;
				CODE_SIGN_STYLE = Automatic;
				CURRENT_PROJECT_VERSION = 1;
				GENERATE_INFOPLIST_FILE = YES;
				LD_RUNPATH_SEARCH_PATHS = (
					"$(inherited)",
					"@executable_path/Frameworks",
					"@loader_path/Frameworks",
				);
				MARKETING_VERSION = 1.0;
				PRODUCT_BUNDLE_IDENTIFIER = com.ashishlanghe.CatiesUITests;
				PRODUCT_NAME = "$(TARGET_NAME)";
				SWIFT_EMIT_LOC_STRINGS = NO;
				SWIFT_VERSION = 5.0;
				TARGETED_DEVICE_FAMILY = "1,2";
				TEST_TARGET_NAME = Caties;
			};
			name = Release;
		};
/* End XCBuildConfiguration section */

/* Begin XCConfigurationList section */
		725C6AD4276B73F00033F2AF /* Build configuration list for PBXProject "Caties" */ = {
			isa = XCConfigurationList;
			buildConfigurations = (
				725C6AFB276B73F30033F2AF /* Debug */,
				725C6AFC276B73F30033F2AF /* Release */,
			);
			defaultConfigurationIsVisible = 0;
			defaultConfigurationName = Release;
		};
		725C6AFD276B73F30033F2AF /* Build configuration list for PBXNativeTarget "Caties" */ = {
			isa = XCConfigurationList;
			buildConfigurations = (
				725C6AFE276B73F30033F2AF /* Debug */,
				725C6AFF276B73F30033F2AF /* Release */,
			);
			defaultConfigurationIsVisible = 0;
			defaultConfigurationName = Release;
		};
		725C6B00276B73F30033F2AF /* Build configuration list for PBXNativeTarget "CatiesTests" */ = {
			isa = XCConfigurationList;
			buildConfigurations = (
				725C6B01276B73F30033F2AF /* Debug */,
				725C6B02276B73F30033F2AF /* Release */,
			);
			defaultConfigurationIsVisible = 0;
			defaultConfigurationName = Release;
		};
		725C6B03276B73F30033F2AF /* Build configuration list for PBXNativeTarget "CatiesUITests" */ = {
			isa = XCConfigurationList;
			buildConfigurations = (
				725C6B04276B73F30033F2AF /* Debug */,
				725C6B05276B73F30033F2AF /* Release */,
			);
			defaultConfigurationIsVisible = 0;
			defaultConfigurationName = Release;
		};
/* End XCConfigurationList section */
	};
	rootObject = 725C6AD1276B73F00033F2AF /* Project object */;
}
